
Microsoft Visual Studio Solution File, Format Version 12.00
# Visual Studio Version 16
VisualStudioVersion = 16.0.30011.22
MinimumVisualStudioVersion = 10.0.40219.1
Project("{FAE04EC0-301F-11D3-BF4B-00C04F79EFBC}") = "HyperionScreenCap", "HyperionScreenCap\HyperionScreenCap.csproj", "{9EC68860-AE7E-413F-A5A4-AC31B93912C2}"
EndProject
Global
	GlobalSection(SolutionConfigurationPlatforms) = preSolution
		Debug|Any CPU = Debug|Any CPU
		Release|Any CPU = Release|Any CPU
	EndGlobalSection
	GlobalSection(ProjectConfigurationPlatforms) = postSolution
		{9EC68860-AE7E-413F-A5A4-AC31B93912C2}.Debug|Any CPU.ActiveCfg = Debug|Any CPU
		{9EC68860-AE7E-413F-A5A4-AC31B93912C2}.Debug|Any CPU.Build.0 = Debug|Any CPU
		{9EC68860-AE7E-413F-A5A4-AC31B93912C2}.Release|Any CPU.ActiveCfg = Release|Any CPU
		{9EC68860-AE7E-413F-A5A4-AC31B93912C2}.Release|Any CPU.Build.0 = Release|Any CPU
	EndGlobalSection
	GlobalSection(SolutionProperties) = preSolution
		HideSolutionNode = FALSE
	EndGlobalSection
	GlobalSection(ExtensibilityGlobals) = postSolution
		SolutionGuid = {69DA975B-0B6F-429E-A703-7406407B070B}
	EndGlobalSection
EndGlobal
